
Microsoft Visual Studio Solution File, Format Version 12.00
# Visual Studio 15
Project("{FAE04EC0-301F-11D3-BF4B-00C04F79EFBC}") = "GameDirectory.API", "GameDirectory.API\GameDirectory.API.csproj", "{7BB4C0D8-611F-474A-9A8C-D41ACF123CC8}"
EndProject
Global
	GlobalSection(SolutionConfigurationPlatforms) = preSolution
		Debug|Any CPU = Debug|Any CPU
		Release|Any CPU = Release|Any CPU
	EndGlobalSection
	GlobalSection(ProjectConfigurationPlatforms) = postSolution
		{7BB4C0D8-611F-474A-9A8C-D41ACF123CC8}.Debug|Any CPU.ActiveCfg = Debug|Any CPU
		{7BB4C0D8-611F-474A-9A8C-D41ACF123CC8}.Debug|Any CPU.Build.0 = Debug|Any CPU
		{7BB4C0D8-611F-474A-9A8C-D41ACF123CC8}.Release|Any CPU.ActiveCfg = Release|Any CPU
		{7BB4C0D8-611F-474A-9A8C-D41ACF123CC8}.Release|Any CPU.Build.0 = Release|Any CPU
	EndGlobalSection
EndGlobal
